
Microsoft Visual Studio Solution File, Format Version 12.00
# Visual Studio Version 17
VisualStudioVersion = 17.9.34902.65
MinimumVisualStudioVersion = 10.0.40219.1
Project("{9A19103F-16F7-4668-BE54-9A1E7A4F7556}") = "TechNationDashboard", "TechNationDashboard.csproj", "{C8A27925-C70D-4098-9B88-DA83A664CEDF}"
EndProject
Global
	GlobalSection(SolutionConfigurationPlatforms) = preSolution
		Debug|Any CPU = Debug|Any CPU
		Release|Any CPU = Release|Any CPU
	EndGlobalSection
	GlobalSection(ProjectConfigurationPlatforms) = postSolution
		{C8A27925-C70D-4098-9B88-DA83A664CEDF}.Debug|Any CPU.ActiveCfg = Debug|Any CPU
		{C8A27925-C70D-4098-9B88-DA83A664CEDF}.Debug|Any CPU.Build.0 = Debug|Any CPU
		{C8A27925-C70D-4098-9B88-DA83A664CEDF}.Release|Any CPU.ActiveCfg = Release|Any CPU
		{C8A27925-C70D-4098-9B88-DA83A664CEDF}.Release|Any CPU.Build.0 = Release|Any CPU
	EndGlobalSection
	GlobalSection(SolutionProperties) = preSolution
		HideSolutionNode = FALSE
	EndGlobalSection
	GlobalSection(ExtensibilityGlobals) = postSolution
		SolutionGuid = {BAC85492-06D0-4139-86B9-DCAAE6056B4F}
	EndGlobalSection
EndGlobal
